<?xml version="1.0" encoding="utf-8"?>
<Project ToolsVersion="4.0" xmlns="http://schemas.microsoft.com/developer/msbuild/2003">
  <ItemGroup>
    <Filter Include="Source Files">
      <UniqueIdentifier>{4FC737F1-C7A5-4376-A066-2A32D752A2FF}</UniqueIdentifier>
      <Extensions>cpp;c;cc;cxx;c++;cppm;ixx;def;odl;idl;hpj;bat;asm;asmx</Extensions>
    </Filter>
    <Filter Include="Header Files">
      <UniqueIdentifier>{93995380-89BD-4b04-88EB-625FBE52EBFB}</UniqueIdentifier>
      <Extensions>h;hh;hpp;hxx;h++;hm;inl;inc;ipp;xsd</Extensions>
    </Filter>
    <Filter Include="Resource Files">
      <UniqueIdentifier>{67DA6AB6-F800-4c08-8B7A-83BB121AAD01}</UniqueIdentifier>
      <Extensions>rc;ico;cur;bmp;dlg;rc2;rct;bin;rgs;gif;jpg;jpeg;jpe;resx;tiff;tif;png;wav;mfcribbon-ms</Extensions>
    </Filter>
    <Filter Include="Header Files\RayTracing Utils">
      <UniqueIdentifier>{f2663dbc-d116-4a9b-85de-c2e288333503}</UniqueIdentifier>
      <Extensions>hpp</Extensions>
    </Filter>
  </ItemGroup>
  <ItemGroup>
    <ClCompile Include="main.cpp">
      <Filter>Source Files</Filter>
    </ClCompile>
    <ClCompile Include="CApp.cpp">
      <Filter>Source Files</Filter>
    </ClCompile>
    <ClCompile Include="RayTracing\fImage.cpp">
      <Filter>Header Files\RayTracing Utils</Filter>
    </ClCompile>
    <ClCompile Include="RayTracing\scene.cpp">
      <Filter>Header Files\RayTracing Utils</Filter>
    </ClCompile>
    <ClCompile Include="RayTracing\ray.cpp">
      <Filter>Header Files\RayTracing Utils</Filter>
    </ClCompile>
    <ClCompile Include="RayTracing\camera.cpp">
      <Filter>Header Files\RayTracing Utils</Filter>
    </ClCompile>
    <ClCompile Include="RayTracing\gtfm.cpp">
      <Filter>Header Files\RayTracing Utils</Filter>
    </ClCompile>
    <ClCompile Include="RayTracing\primitives\cylinder.cpp">
      <Filter>Header Files\RayTracing Utils</Filter>
    </ClCompile>
    <ClCompile Include="RayTracing\primitives\objectbase.cpp">
      <Filter>Header Files\RayTracing Utils</Filter>
    </ClCompile>
    <ClCompile Include="RayTracing\primitives\plane.cpp">
      <Filter>Header Files\RayTracing Utils</Filter>
    </ClCompile>
    <ClCompile Include="RayTracing\primitives\sphere.cpp">
      <Filter>Header Files\RayTracing Utils</Filter>
    </ClCompile>
    <ClCompile Include="RayTracing\lights\lightbase.cpp">
      <Filter>Header Files\RayTracing Utils</Filter>
    </ClCompile>
    <ClCompile Include="RayTracing\lights\pointlight.cpp">
      <Filter>Header Files\RayTracing Utils</Filter>
    </ClCompile>
    <ClCompile Include="RayTracing\materials\materialbase.cpp">
      <Filter>Source Files</Filter>
    </ClCompile>
    <ClCompile Include="RayTracing\materials\simplematerial.cpp">
      <Filter>Source Files</Filter>
    </ClCompile>
  </ItemGroup>
  <ItemGroup>
    <ClInclude Include="CApp.h">
      <Filter>Header Files</Filter>
    </ClInclude>
    <ClInclude Include="consts.h">
      <Filter>Header Files</Filter>
    </ClInclude>
    <ClInclude Include="RayTracing\fImage.hpp">
      <Filter>Header Files\RayTracing Utils</Filter>
    </ClInclude>
    <ClInclude Include="RayTracing\scene.hpp">
      <Filter>Header Files\RayTracing Utils</Filter>
    </ClInclude>
    <ClInclude Include="RayTracing\ray.hpp">
      <Filter>Header Files\RayTracing Utils</Filter>
    </ClInclude>
    <ClInclude Include="RayTracing\camera.hpp">
      <Filter>Header Files\RayTracing Utils</Filter>
    </ClInclude>
    <ClInclude Include="RayTracing\gtfm.hpp">
      <Filter>Header Files\RayTracing Utils</Filter>
    </ClInclude>
    <ClInclude Include="RayTracing\primitives\cylinder.hpp">
      <Filter>Header Files\RayTracing Utils</Filter>
    </ClInclude>
    <ClInclude Include="RayTracing\primitives\objectbase.hpp">
      <Filter>Header Files\RayTracing Utils</Filter>
    </ClInclude>
    <ClInclude Include="RayTracing\primitives\plane.hpp">
      <Filter>Header Files\RayTracing Utils</Filter>
    </ClInclude>
    <ClInclude Include="RayTracing\primitives\sphere.hpp">
      <Filter>Header Files\RayTracing Utils</Filter>
    </ClInclude>
    <ClInclude Include="RayTracing\lights\lightbase.hpp">
      <Filter>Header Files\RayTracing Utils</Filter>
    </ClInclude>
    <ClInclude Include="RayTracing\lights\pointlight.hpp">
      <Filter>Header Files\RayTracing Utils</Filter>
    </ClInclude>
    <ClInclude Include="RayTracing\ctpl.h">
      <Filter>Header Files\RayTracing Utils</Filter>
    </ClInclude>
    <ClInclude Include="RayTracing\materials\materialbase.hpp">
      <Filter>Header Files</Filter>
    </ClInclude>
    <ClInclude Include="RayTracing\hitrecord.h">
      <Filter>Header Files\RayTracing Utils</Filter>
    </ClInclude>
    <ClInclude Include="RayTracing\threadpool.h">
      <Filter>Header Files\RayTracing Utils</Filter>
    </ClInclude>
    <ClInclude Include="RayTracing\materials\simplematerial.hpp">
      <Filter>Header Files</Filter>
    </ClInclude>
  </ItemGroup>
</Project>